
Microsoft Visual Studio Solution File, Format Version 12.00
# Visual Studio 14
VisualStudioVersion = 14.0.25123.0
MinimumVisualStudioVersion = 10.0.40219.1
Project("{25975DDA-702D-44E6-BDA9-F4C7720B2072}") = "Sitecore.Support.125233", "Sitecore.Support.125233\Sitecore.Support.125233.csproj", "{056A756A-A8DE-436E-B965-C8D97B98EEDD}"
EndProject
Global
	GlobalSection(SolutionConfigurationPlatforms) = preSolution
		Debug|Any CPU = Debug|Any CPU
		Release|Any CPU = Release|Any CPU
	EndGlobalSection
	GlobalSection(ProjectConfigurationPlatforms) = postSolution
		{056A756A-A8DE-436E-B965-C8D97B98EEDD}.Debug|Any CPU.ActiveCfg = Debug|Any CPU
		{056A756A-A8DE-436E-B965-C8D97B98EEDD}.Debug|Any CPU.Build.0 = Debug|Any CPU
		{056A756A-A8DE-436E-B965-C8D97B98EEDD}.Release|Any CPU.ActiveCfg = Release|Any CPU
		{056A756A-A8DE-436E-B965-C8D97B98EEDD}.Release|Any CPU.Build.0 = Release|Any CPU
	EndGlobalSection
	GlobalSection(SolutionProperties) = preSolution
		HideSolutionNode = FALSE
	EndGlobalSection
EndGlobal
